
Microsoft Visual Studio Solution File, Format Version 12.00
# Visual Studio Version 17
VisualStudioVersion = 17.5.002.0
MinimumVisualStudioVersion = 10.0.40219.1
Project("{9A19103F-16F7-4668-BE54-9A1E7A4F7556}") = "Drawer", "Drawer.csproj", "{DB761924-01D0-4CD1-8EBD-93E9562F4230}"
EndProject
Global
	GlobalSection(SolutionConfigurationPlatforms) = preSolution
		Debug|Any CPU = Debug|Any CPU
		Release|Any CPU = Release|Any CPU
	EndGlobalSection
	GlobalSection(ProjectConfigurationPlatforms) = postSolution
		{DB761924-01D0-4CD1-8EBD-93E9562F4230}.Debug|Any CPU.ActiveCfg = Debug|Any CPU
		{DB761924-01D0-4CD1-8EBD-93E9562F4230}.Debug|Any CPU.Build.0 = Debug|Any CPU
		{DB761924-01D0-4CD1-8EBD-93E9562F4230}.Release|Any CPU.ActiveCfg = Release|Any CPU
		{DB761924-01D0-4CD1-8EBD-93E9562F4230}.Release|Any CPU.Build.0 = Release|Any CPU
	EndGlobalSection
	GlobalSection(SolutionProperties) = preSolution
		HideSolutionNode = FALSE
	EndGlobalSection
	GlobalSection(ExtensibilityGlobals) = postSolution
		SolutionGuid = {515618AB-EC12-4394-9E0D-E3AE65D52619}
	EndGlobalSection
EndGlobal
